
Microsoft Visual Studio Solution File, Format Version 12.00
# Visual Studio Version 17
VisualStudioVersion = 17.6.33815.320
MinimumVisualStudioVersion = 10.0.40219.1
Project("{9A19103F-16F7-4668-BE54-9A1E7A4F7556}") = "Gui", "Search\Gui.csproj", "{86C78786-635E-49ED-88D1-14C10A6D7663}"
EndProject
Project("{9A19103F-16F7-4668-BE54-9A1E7A4F7556}") = "dal", "dal\dal.csproj", "{0A397C57-E80C-494D-8654-8E4B2C55FF7E}"
EndProject
Project("{9A19103F-16F7-4668-BE54-9A1E7A4F7556}") = "bll", "bll\bll.csproj", "{ABB00439-BE2D-4A63-B7B1-4A48A197A6AB}"
EndProject
Project("{9A19103F-16F7-4668-BE54-9A1E7A4F7556}") = "dto", "dto_\dto.csproj", "{AD44F683-D504-486B-8B57-3B46C162259D}"
EndProject
Project("{FAE04EC0-301F-11D3-BF4B-00C04F79EFBC}") = "WebApplication2", "WebApplication2\WebApplication2.csproj", "{2F2D889A-E219-4BFD-8F02-B2EB3D7BB80C}"
EndProject
Global
	GlobalSection(SolutionConfigurationPlatforms) = preSolution
		Debug|Any CPU = Debug|Any CPU
		Release|Any CPU = Release|Any CPU
	EndGlobalSection
	GlobalSection(ProjectConfigurationPlatforms) = postSolution
		{86C78786-635E-49ED-88D1-14C10A6D7663}.Debug|Any CPU.ActiveCfg = Debug|Any CPU
		{86C78786-635E-49ED-88D1-14C10A6D7663}.Debug|Any CPU.Build.0 = Debug|Any CPU
		{86C78786-635E-49ED-88D1-14C10A6D7663}.Release|Any CPU.ActiveCfg = Release|Any CPU
		{86C78786-635E-49ED-88D1-14C10A6D7663}.Release|Any CPU.Build.0 = Release|Any CPU
		{0A397C57-E80C-494D-8654-8E4B2C55FF7E}.Debug|Any CPU.ActiveCfg = Debug|Any CPU
		{0A397C57-E80C-494D-8654-8E4B2C55FF7E}.Debug|Any CPU.Build.0 = Debug|Any CPU
		{0A397C57-E80C-494D-8654-8E4B2C55FF7E}.Release|Any CPU.ActiveCfg = Release|Any CPU
		{0A397C57-E80C-494D-8654-8E4B2C55FF7E}.Release|Any CPU.Build.0 = Release|Any CPU
		{ABB00439-BE2D-4A63-B7B1-4A48A197A6AB}.Debug|Any CPU.ActiveCfg = Debug|Any CPU
		{ABB00439-BE2D-4A63-B7B1-4A48A197A6AB}.Debug|Any CPU.Build.0 = Debug|Any CPU
		{ABB00439-BE2D-4A63-B7B1-4A48A197A6AB}.Release|Any CPU.ActiveCfg = Release|Any CPU
		{ABB00439-BE2D-4A63-B7B1-4A48A197A6AB}.Release|Any CPU.Build.0 = Release|Any CPU
		{AD44F683-D504-486B-8B57-3B46C162259D}.Debug|Any CPU.ActiveCfg = Debug|Any CPU
		{AD44F683-D504-486B-8B57-3B46C162259D}.Debug|Any CPU.Build.0 = Debug|Any CPU
		{AD44F683-D504-486B-8B57-3B46C162259D}.Release|Any CPU.ActiveCfg = Release|Any CPU
		{AD44F683-D504-486B-8B57-3B46C162259D}.Release|Any CPU.Build.0 = Release|Any CPU
		{2F2D889A-E219-4BFD-8F02-B2EB3D7BB80C}.Debug|Any CPU.ActiveCfg = Debug|Any CPU
		{2F2D889A-E219-4BFD-8F02-B2EB3D7BB80C}.Debug|Any CPU.Build.0 = Debug|Any CPU
		{2F2D889A-E219-4BFD-8F02-B2EB3D7BB80C}.Release|Any CPU.ActiveCfg = Release|Any CPU
		{2F2D889A-E219-4BFD-8F02-B2EB3D7BB80C}.Release|Any CPU.Build.0 = Release|Any CPU
	EndGlobalSection
	GlobalSection(SolutionProperties) = preSolution
		HideSolutionNode = FALSE
	EndGlobalSection
	GlobalSection(ExtensibilityGlobals) = postSolution
		SolutionGuid = {688B448A-268A-4286-B970-C1AD2FA88D6C}
	EndGlobalSection
EndGlobal
